
Microsoft Visual Studio Solution File, Format Version 12.00
# Visual Studio Version 17
VisualStudioVersion = 17.14.36518.9 d17.14
MinimumVisualStudioVersion = 10.0.40219.1
Project("{FAE04EC0-301F-11D3-BF4B-00C04F79EFBC}") = "Calculator", "Calculator\Calculator.csproj", "{9020C559-2E00-4293-BE95-B23CF8A16EDD}"
EndProject
Global
	GlobalSection(SolutionConfigurationPlatforms) = preSolution
		Debug|Any CPU = Debug|Any CPU
		Release|Any CPU = Release|Any CPU
	EndGlobalSection
	GlobalSection(ProjectConfigurationPlatforms) = postSolution
		{9020C559-2E00-4293-BE95-B23CF8A16EDD}.Debug|Any CPU.ActiveCfg = Debug|Any CPU
		{9020C559-2E00-4293-BE95-B23CF8A16EDD}.Debug|Any CPU.Build.0 = Debug|Any CPU
		{9020C559-2E00-4293-BE95-B23CF8A16EDD}.Release|Any CPU.ActiveCfg = Release|Any CPU
		{9020C559-2E00-4293-BE95-B23CF8A16EDD}.Release|Any CPU.Build.0 = Release|Any CPU
	EndGlobalSection
	GlobalSection(SolutionProperties) = preSolution
		HideSolutionNode = FALSE
	EndGlobalSection
	GlobalSection(ExtensibilityGlobals) = postSolution
		SolutionGuid = {B4F6DBAE-C472-44B5-856F-E2976E21C892}
	EndGlobalSection
EndGlobal
